
Microsoft Visual Studio Solution File, Format Version 12.00
# Visual Studio Version 16
VisualStudioVersion = 16.0.30330.147
MinimumVisualStudioVersion = 10.0.40219.1
Project("{FAE04EC0-301F-11D3-BF4B-00C04F79EFBC}") = "DolphinFacebook", "DolphinFacebook\DolphinFacebook.csproj", "{B2B9305A-3A56-430C-AB75-124E89E2EC06}"
EndProject
Global
	GlobalSection(SolutionConfigurationPlatforms) = preSolution
		Debug|Any CPU = Debug|Any CPU
		Release|Any CPU = Release|Any CPU
	EndGlobalSection
	GlobalSection(ProjectConfigurationPlatforms) = postSolution
		{B2B9305A-3A56-430C-AB75-124E89E2EC06}.Debug|Any CPU.ActiveCfg = Debug|Any CPU
		{B2B9305A-3A56-430C-AB75-124E89E2EC06}.Debug|Any CPU.Build.0 = Debug|Any CPU
		{B2B9305A-3A56-430C-AB75-124E89E2EC06}.Release|Any CPU.ActiveCfg = Release|Any CPU
		{B2B9305A-3A56-430C-AB75-124E89E2EC06}.Release|Any CPU.Build.0 = Release|Any CPU
	EndGlobalSection
	GlobalSection(SolutionProperties) = preSolution
		HideSolutionNode = FALSE
	EndGlobalSection
	GlobalSection(ExtensibilityGlobals) = postSolution
		SolutionGuid = {6686258B-14C0-45CD-9900-777D926FE761}
	EndGlobalSection
EndGlobal
